
Microsoft Visual Studio Solution File, Format Version 12.00
# Visual Studio Version 17
VisualStudioVersion = 17.1.32407.343
MinimumVisualStudioVersion = 10.0.40219.1
Project("{8BC9CEB8-8B4A-11D0-8D11-00A0C91BC942}") = "HelloMod", "01-hello\HelloMod.vcxproj", "{63EF5BAA-C4A6-4A26-8E7C-8B5B786D7B7E}"
EndProject
Project("{2150E333-8FDC-42A3-9474-1A3956D46DE8}") = "Solution Items", "Solution Items", "{82D1EA26-BAB9-4F02-9F26-E62AA3047684}"
	ProjectSection(SolutionItems) = preProject
		.gitignore = .gitignore
		Readme.md = Readme.md
		SDKHelper.h = SDKHelper.h
	EndProjectSection
EndProject
Project("{8BC9CEB8-8B4A-11D0-8D11-00A0C91BC942}") = "SimpleWrapper", "02-simple-wrapper\02-simple-wrapper.vcxproj", "{B5999143-E2AE-4A5A-8FCE-62E3BAF2B6F1}"
EndProject
Project("{8BC9CEB8-8B4A-11D0-8D11-00A0C91BC942}") = "RenameMod", "03-rename-mod\03-rename-mod.vcxproj", "{DB92EE45-B75E-4EFF-A20D-AA4A9EF19043}"
EndProject
Project("{8BC9CEB8-8B4A-11D0-8D11-00A0C91BC942}") = "AiMod", "04-ai-lua\04-ai-lua.vcxproj", "{65A1732D-0F33-472C-8788-B0D5EBAD676F}"
EndProject
Global
	GlobalSection(SolutionConfigurationPlatforms) = preSolution
		Debug|x64 = Debug|x64
		Debug|x86 = Debug|x86
		Release|x64 = Release|x64
		Release|x86 = Release|x86
	EndGlobalSection
	GlobalSection(ProjectConfigurationPlatforms) = postSolution
		{63EF5BAA-C4A6-4A26-8E7C-8B5B786D7B7E}.Debug|x64.ActiveCfg = Debug|Win32
		{63EF5BAA-C4A6-4A26-8E7C-8B5B786D7B7E}.Debug|x64.Build.0 = Debug|Win32
		{63EF5BAA-C4A6-4A26-8E7C-8B5B786D7B7E}.Debug|x86.ActiveCfg = Debug|Win32
		{63EF5BAA-C4A6-4A26-8E7C-8B5B786D7B7E}.Debug|x86.Build.0 = Debug|Win32
		{63EF5BAA-C4A6-4A26-8E7C-8B5B786D7B7E}.Release|x64.ActiveCfg = Release|Win32
		{63EF5BAA-C4A6-4A26-8E7C-8B5B786D7B7E}.Release|x64.Build.0 = Release|Win32
		{63EF5BAA-C4A6-4A26-8E7C-8B5B786D7B7E}.Release|x86.ActiveCfg = Release|Win32
		{63EF5BAA-C4A6-4A26-8E7C-8B5B786D7B7E}.Release|x86.Build.0 = Release|Win32
		{B5999143-E2AE-4A5A-8FCE-62E3BAF2B6F1}.Debug|x64.ActiveCfg = Debug|x64
		{B5999143-E2AE-4A5A-8FCE-62E3BAF2B6F1}.Debug|x64.Build.0 = Debug|x64
		{B5999143-E2AE-4A5A-8FCE-62E3BAF2B6F1}.Debug|x86.ActiveCfg = Debug|Win32
		{B5999143-E2AE-4A5A-8FCE-62E3BAF2B6F1}.Debug|x86.Build.0 = Debug|Win32
		{B5999143-E2AE-4A5A-8FCE-62E3BAF2B6F1}.Release|x64.ActiveCfg = Release|x64
		{B5999143-E2AE-4A5A-8FCE-62E3BAF2B6F1}.Release|x64.Build.0 = Release|x64
		{B5999143-E2AE-4A5A-8FCE-62E3BAF2B6F1}.Release|x86.ActiveCfg = Release|Win32
		{B5999143-E2AE-4A5A-8FCE-62E3BAF2B6F1}.Release|x86.Build.0 = Release|Win32
		{DB92EE45-B75E-4EFF-A20D-AA4A9EF19043}.Debug|x64.ActiveCfg = Debug|x64
		{DB92EE45-B75E-4EFF-A20D-AA4A9EF19043}.Debug|x64.Build.0 = Debug|x64
		{DB92EE45-B75E-4EFF-A20D-AA4A9EF19043}.Debug|x86.ActiveCfg = Debug|Win32
		{DB92EE45-B75E-4EFF-A20D-AA4A9EF19043}.Debug|x86.Build.0 = Debug|Win32
		{DB92EE45-B75E-4EFF-A20D-AA4A9EF19043}.Release|x64.ActiveCfg = Release|x64
		{DB92EE45-B75E-4EFF-A20D-AA4A9EF19043}.Release|x64.Build.0 = Release|x64
		{DB92EE45-B75E-4EFF-A20D-AA4A9EF19043}.Release|x86.ActiveCfg = Release|Win32
		{DB92EE45-B75E-4EFF-A20D-AA4A9EF19043}.Release|x86.Build.0 = Release|Win32
		{65A1732D-0F33-472C-8788-B0D5EBAD676F}.Debug|x64.ActiveCfg = Debug|x64
		{65A1732D-0F33-472C-8788-B0D5EBAD676F}.Debug|x64.Build.0 = Debug|x64
		{65A1732D-0F33-472C-8788-B0D5EBAD676F}.Debug|x86.ActiveCfg = Debug|Win32
		{65A1732D-0F33-472C-8788-B0D5EBAD676F}.Debug|x86.Build.0 = Debug|Win32
		{65A1732D-0F33-472C-8788-B0D5EBAD676F}.Release|x64.ActiveCfg = Release|x64
		{65A1732D-0F33-472C-8788-B0D5EBAD676F}.Release|x64.Build.0 = Release|x64
		{65A1732D-0F33-472C-8788-B0D5EBAD676F}.Release|x86.ActiveCfg = Release|Win32
		{65A1732D-0F33-472C-8788-B0D5EBAD676F}.Release|x86.Build.0 = Release|Win32
	EndGlobalSection
	GlobalSection(SolutionProperties) = preSolution
		HideSolutionNode = FALSE
	EndGlobalSection
	GlobalSection(ExtensibilityGlobals) = postSolution
		SolutionGuid = {DE0D351E-AB40-4B22-A3AA-FA1557DC6833}
	EndGlobalSection
EndGlobal
